// !$*UTF8*$!
{
	archiveVersion = 1;
	classes = {
	};
	objectVersion = 46;
	objects = {

/* Begin PBXBuildFile section */
		AD541C591D1B0CB900022845 /* Obstacle.sks in Resources */ = {isa = PBXBuildFile; fileRef = AD541C581D1B0CB900022845 /* Obstacle.sks */; };
		AD541C5B1D1B14AE00022845 /* MSButtonNode.swift in Sources */ = {isa = PBXBuildFile; fileRef = AD541C5A1D1B14AE00022845 /* MSButtonNode.swift */; };
		AD541C5F1D1B1B1900022845 /* GameEffects.sks in Resources */ = {isa = PBXBuildFile; fileRef = AD541C5E1D1B1B1900022845 /* GameEffects.sks */; };
		ADC218051D1A002200F2010C /* AppDelegate.swift in Sources */ = {isa = PBXBuildFile; fileRef = ADC218041D1A002200F2010C /* AppDelegate.swift */; };
		ADC218071D1A002200F2010C /* GameScene.sks in Resources */ = {isa = PBXBuildFile; fileRef = ADC218061D1A002200F2010C /* GameScene.sks */; };
		ADC218091D1A002200F2010C /* GameScene.swift in Sources */ = {isa = PBXBuildFile; fileRef = ADC218081D1A002200F2010C /* GameScene.swift */; };
		ADC2180B1D1A002200F2010C /* GameViewController.swift in Sources */ = {isa = PBXBuildFile; fileRef = ADC2180A1D1A002200F2010C /* GameViewController.swift */; };
		ADC2180E1D1A002200F2010C /* Main.storyboard in Resources */ = {isa = PBXBuildFile; fileRef = ADC2180C1D1A002200F2010C /* Main.storyboard */; };
		ADC218101D1A002200F2010C /* Assets.xcassets in Resources */ = {isa = PBXBuildFile; fileRef = ADC2180F1D1A002200F2010C /* Assets.xcassets */; };
		ADC218131D1A002200F2010C /* LaunchScreen.storyboard in Resources */ = {isa = PBXBuildFile; fileRef = ADC218111D1A002200F2010C /* LaunchScreen.storyboard */; };
		ADC2181F1D1A08B000F2010C /* Hero.sks in Resources */ = {isa = PBXBuildFile; fileRef = ADC2181E1D1A08B000F2010C /* Hero.sks */; };
		ADC218241D1AF4C100F2010C /* sfx_flap.caf in Resources */ = {isa = PBXBuildFile; fileRef = ADC218211D1AF4C100F2010C /* sfx_flap.caf */; };
		ADC218251D1AF4C100F2010C /* sfx_goal.caf in Resources */ = {isa = PBXBuildFile; fileRef = ADC218221D1AF4C100F2010C /* sfx_goal.caf */; };
		ADC218281D1AF5D300F2010C /* CGFloat+Extensions.swift in Sources */ = {isa = PBXBuildFile; fileRef = ADC218271D1AF5D300F2010C /* CGFloat+Extensions.swift */; };
/* End PBXBuildFile section */

/* Begin PBXFileReference section */
		AD541C581D1B0CB900022845 /* Obstacle.sks */ = {isa = PBXFileReference; lastKnownFileType = file.sks; path = Obstacle.sks; sourceTree = "<group>"; };
		AD541C5A1D1B14AE00022845 /* MSButtonNode.swift */ = {isa = PBXFileReference; fileEncoding = 4; lastKnownFileType = sourcecode.swift; path = MSButtonNode.swift; sourceTree = "<group>"; };
		AD541C5E1D1B1B1900022845 /* GameEffects.sks */ = {isa = PBXFileReference; lastKnownFileType = file.sks; path = GameEffects.sks; sourceTree = "<group>"; };
		ADC218011D1A002200F2010C /* HoppyBunny.app */ = {isa = PBXFileReference; explicitFileType = wrapper.application; includeInIndex = 0; path = HoppyBunny.app; sourceTree = BUILT_PRODUCTS_DIR; };
		ADC218041D1A002200F2010C /* AppDelegate.swift */ = {isa = PBXFileReference; lastKnownFileType = sourcecode.swift; path = AppDelegate.swift; sourceTree = "<group>"; };
		ADC218061D1A002200F2010C /* GameScene.sks */ = {isa = PBXFileReference; lastKnownFileType = file.sks; path = GameScene.sks; sourceTree = "<group>"; };
		ADC218081D1A002200F2010C /* GameScene.swift */ = {isa = PBXFileReference; lastKnownFileType = sourcecode.swift; path = GameScene.swift; sourceTree = "<group>"; };
		ADC2180A1D1A002200F2010C /* GameViewController.swift */ = {isa = PBXFileReference; lastKnownFileType = sourcecode.swift; path = GameViewController.swift; sourceTree = "<group>"; };
		ADC2180D1D1A002200F2010C /* Base */ = {isa = PBXFileReference; lastKnownFileType = file.storyboard; name = Base; path = Base.lproj/Main.storyboard; sourceTree = "<group>"; };
		ADC2180F1D1A002200F2010C /* Assets.xcassets */ = {isa = PBXFileReference; lastKnownFileType = folder.assetcatalog; path = Assets.xcassets; sourceTree = "<group>"; };
		ADC218121D1A002200F2010C /* Base */ = {isa = PBXFileReference; lastKnownFileType = file.storyboard; name = Base; path = Base.lproj/LaunchScreen.storyboard; sourceTree = "<group>"; };
		ADC218141D1A002200F2010C /* Info.plist */ = {isa = PBXFileReference; lastKnownFileType = text.plist.xml; path = Info.plist; sourceTree = "<group>"; };
		ADC2181E1D1A08B000F2010C /* Hero.sks */ = {isa = PBXFileReference; lastKnownFileType = file.sks; path = Hero.sks; sourceTree = "<group>"; };
		ADC218211D1AF4C100F2010C /* sfx_flap.caf */ = {isa = PBXFileReference; lastKnownFileType = file; path = sfx_flap.caf; sourceTree = "<group>"; };
		ADC218221D1AF4C100F2010C /* sfx_goal.caf */ = {isa = PBXFileReference; lastKnownFileType = file; path = sfx_goal.caf; sourceTree = "<group>"; };
		ADC218271D1AF5D300F2010C /* CGFloat+Extensions.swift */ = {isa = PBXFileReference; fileEncoding = 4; lastKnownFileType = sourcecode.swift; path = "CGFloat+Extensions.swift"; sourceTree = "<group>"; };
/* End PBXFileReference section */

/* Begin PBXFrameworksBuildPhase section */
		ADC217FE1D1A002200F2010C /* Frameworks */ = {
			isa = PBXFrameworksBuildPhase;
			buildActionMask = 2147483647;
			files = (
			);
			runOnlyForDeploymentPostprocessing = 0;
		};
/* End PBXFrameworksBuildPhase section */

/* Begin PBXGroup section */
		ADC217F81D1A002200F2010C = {
			isa = PBXGroup;
			children = (
				ADC218031D1A002200F2010C /* HoppyBunny */,
				ADC218021D1A002200F2010C /* Products */,
			);
			sourceTree = "<group>";
		};
		ADC218021D1A002200F2010C /* Products */ = {
			isa = PBXGroup;
			children = (
				ADC218011D1A002200F2010C /* HoppyBunny.app */,
			);
			name = Products;
			sourceTree = "<group>";
		};
		ADC218031D1A002200F2010C /* HoppyBunny */ = {
			isa = PBXGroup;
			children = (
				AD541C5A1D1B14AE00022845 /* MSButtonNode.swift */,
				ADC218271D1AF5D300F2010C /* CGFloat+Extensions.swift */,
				ADC218041D1A002200F2010C /* AppDelegate.swift */,
				ADC2181E1D1A08B000F2010C /* Hero.sks */,
				ADC218061D1A002200F2010C /* GameScene.sks */,
				AD541C5E1D1B1B1900022845 /* GameEffects.sks */,
				ADC218081D1A002200F2010C /* GameScene.swift */,
				AD541C581D1B0CB900022845 /* Obstacle.sks */,
				ADC2180A1D1A002200F2010C /* GameViewController.swift */,
				ADC2180C1D1A002200F2010C /* Main.storyboard */,
				ADC218261D1AF4FC00F2010C /* SFX */,
				ADC2180F1D1A002200F2010C /* Assets.xcassets */,
				ADC218111D1A002200F2010C /* LaunchScreen.storyboard */,
				ADC218141D1A002200F2010C /* Info.plist */,
			);
			path = HoppyBunny;
			sourceTree = "<group>";
		};
		ADC218261D1AF4FC00F2010C /* SFX */ = {
			isa = PBXGroup;
			children = (
				ADC218211D1AF4C100F2010C /* sfx_flap.caf */,
				ADC218221D1AF4C100F2010C /* sfx_goal.caf */,
			);
			name = SFX;
			sourceTree = "<group>";
		};
/* End PBXGroup section */

/* Begin PBXNativeTarget section */
		ADC218001D1A002200F2010C /* HoppyBunny */ = {
			isa = PBXNativeTarget;
			buildConfigurationList = ADC218171D1A002200F2010C /* Build configuration list for PBXNativeTarget "HoppyBunny" */;
			buildPhases = (
				ADC217FD1D1A002200F2010C /* Sources */,
				ADC217FE1D1A002200F2010C /* Frameworks */,
				ADC217FF1D1A002200F2010C /* Resources */,
			);
			buildRules = (
			);
			dependencies = (
			);
			name = HoppyBunny;
			productName = HoppyBunny;
			productReference = ADC218011D1A002200F2010C /* HoppyBunny.app */;
			productType = "com.apple.product-type.application";
		};
/* End PBXNativeTarget section */

/* Begin PBXProject section */
		ADC217F91D1A002200F2010C /* Project object */ = {
			isa = PBXProject;
			attributes = {
				LastSwiftUpdateCheck = 0730;
				LastUpgradeCheck = 0730;
				ORGANIZATIONNAME = "Denton Hui";
				TargetAttributes = {
					ADC218001D1A002200F2010C = {
						CreatedOnToolsVersion = 7.3.1;
					};
				};
			};
			buildConfigurationList = ADC217FC1D1A002200F2010C /* Build configuration list for PBXProject "HoppyBunny" */;
			compatibilityVersion = "Xcode 3.2";
			developmentRegion = English;
			hasScannedForEncodings = 0;
			knownRegions = (
				en,
				Base,
			);
			mainGroup = ADC217F81D1A002200F2010C;
			productRefGroup = ADC218021D1A002200F2010C /* Products */;
			projectDirPath = "";
			projectRoot = "";
			targets = (
				ADC218001D1A002200F2010C /* HoppyBunny */,
			);
		};
/* End PBXProject section */

/* Begin PBXResourcesBuildPhase section */
		ADC217FF1D1A002200F2010C /* Resources */ = {
			isa = PBXResourcesBuildPhase;
			buildActionMask = 2147483647;
			files = (
				AD541C591D1B0CB900022845 /* Obstacle.sks in Resources */,
				ADC218071D1A002200F2010C /* GameScene.sks in Resources */,
				ADC218251D1AF4C100F2010C /* sfx_goal.caf in Resources */,
				ADC218131D1A002200F2010C /* LaunchScreen.storyboard in Resources */,
				ADC2181F1D1A08B000F2010C /* Hero.sks in Resources */,
				AD541C5F1D1B1B1900022845 /* GameEffects.sks in Resources */,
				ADC218101D1A002200F2010C /* Assets.xcassets in Resources */,
				ADC2180E1D1A002200F2010C /* Main.storyboard in Resources */,
				ADC218241D1AF4C100F2010C /* sfx_flap.caf in Resources */,
			);
			runOnlyForDeploymentPostprocessing = 0;
		};
/* End PBXResourcesBuildPhase section */

/* Begin PBXSourcesBuildPhase section */
		ADC217FD1D1A002200F2010C /* Sources */ = {
			isa = PBXSourcesBuildPhase;
			buildActionMask = 2147483647;
			files = (
				ADC218091D1A002200F2010C /* GameScene.swift in Sources */,
				ADC2180B1D1A002200F2010C /* GameViewController.swift in Sources */,
				ADC218281D1AF5D300F2010C /* CGFloat+Extensions.swift in Sources */,
				ADC218051D1A002200F2010C /* AppDelegate.swift in Sources */,
				AD541C5B1D1B14AE00022845 /* MSButtonNode.swift in Sources */,
			);
			runOnlyForDeploymentPostprocessing = 0;
		};
/* End PBXSourcesBuildPhase section */

/* Begin PBXVariantGroup section */
		ADC2180C1D1A002200F2010C /* Main.storyboard */ = {
			isa = PBXVariantGroup;
			children = (
				ADC2180D1D1A002200F2010C /* Base */,
			);
			name = Main.storyboard;
			sourceTree = "<group>";
		};
		ADC218111D1A002200F2010C /* LaunchScreen.storyboard */ = {
			isa = PBXVariantGroup;
			children = (
				ADC218121D1A002200F2010C /* Base */,
			);
			name = LaunchScreen.storyboard;
			sourceTree = "<group>";
		};
/* End PBXVariantGroup section */

/* Begin XCBuildConfiguration section */
		ADC218151D1A002200F2010C /* Debug */ = {
			isa = XCBuildConfiguration;
			buildSettings = {
				ALWAYS_SEARCH_USER_PATHS = NO;
				CLANG_ANALYZER_NONNULL = YES;
				CLANG_CXX_LANGUAGE_STANDARD = "gnu++0x";
				CLANG_CXX_LIBRARY = "libc++";
				CLANG_ENABLE_MODULES = YES;
				CLANG_ENABLE_OBJC_ARC = YES;
				CLANG_WARN_BOOL_CONVERSION = YES;
				CLANG_WARN_CONSTANT_CONVERSION = YES;
				CLANG_WARN_DIRECT_OBJC_ISA_USAGE = YES_ERROR;
				CLANG_WARN_EMPTY_BODY = YES;
				CLANG_WARN_ENUM_CONVERSION = YES;
				CLANG_WARN_INT_CONVERSION = YES;
				CLANG_WARN_OBJC_ROOT_CLASS = YES_ERROR;
				CLANG_WARN_UNREACHABLE_CODE = YES;
				CLANG_WARN__DUPLICATE_METHOD_MATCH = YES;
				"CODE_SIGN_IDENTITY[sdk=iphoneos*]" = "iPhone Developer";
				COPY_PHASE_STRIP = NO;
				DEBUG_INFORMATION_FORMAT = "dwarf-with-dsym";
				ENABLE_STRICT_OBJC_MSGSEND = YES;
				ENABLE_TESTABILITY = YES;
				GCC_C_LANGUAGE_STANDARD = gnu99;
				GCC_DYNAMIC_NO_PIC = NO;
				GCC_NO_COMMON_BLOCKS = YES;
				GCC_OPTIMIZATION_LEVEL = 0;
				GCC_PREPROCESSOR_DEFINITIONS = (
					"DEBUG=1",
					"$(inherited)",
				);
				GCC_WARN_64_TO_32_BIT_CONVERSION = YES;
				GCC_WARN_ABOUT_RETURN_TYPE = YES_ERROR;
				GCC_WARN_UNDECLARED_SELECTOR = YES;
				GCC_WARN_UNINITIALIZED_AUTOS = YES_AGGRESSIVE;
				GCC_WARN_UNUSED_FUNCTION = YES;
				GCC_WARN_UNUSED_VARIABLE = YES;
				IPHONEOS_DEPLOYMENT_TARGET = 9.3;
				MTL_ENABLE_DEBUG_INFO = YES;
				ONLY_ACTIVE_ARCH = YES;
				SDKROOT = iphoneos;
				SWIFT_OPTIMIZATION_LEVEL = "-Onone";
			};
			name = Debug;
		};
		ADC218161D1A002200F2010C /* Release */ = {
			isa = XCBuildConfiguration;
			buildSettings = {
				ALWAYS_SEARCH_USER_PATHS = NO;
				CLANG_ANALYZER_NONNULL = YES;
				CLANG_CXX_LANGUAGE_STANDARD = "gnu++0x";
				CLANG_CXX_LIBRARY = "libc++";
				CLANG_ENABLE_MODULES = YES;
				CLANG_ENABLE_OBJC_ARC = YES;
				CLANG_WARN_BOOL_CONVERSION = YES;
				CLANG_WARN_CONSTANT_CONVERSION = YES;
				CLANG_WARN_DIRECT_OBJC_ISA_USAGE = YES_ERROR;
				CLANG_WARN_EMPTY_BODY = YES;
				CLANG_WARN_ENUM_CONVERSION = YES;
				CLANG_WARN_INT_CONVERSION = YES;
				CLANG_WARN_OBJC_ROOT_CLASS = YES_ERROR;
				CLANG_WARN_UNREACHABLE_CODE = YES;
				CLANG_WARN__DUPLICATE_METHOD_MATCH = YES;
				"CODE_SIGN_IDENTITY[sdk=iphoneos*]" = "iPhone Developer";
				COPY_PHASE_STRIP = NO;
				DEBUG_INFORMATION_FORMAT = "dwarf-with-dsym";
				ENABLE_NS_ASSERTIONS = NO;
				ENABLE_STRICT_OBJC_MSGSEND = YES;
				GCC_C_LANGUAGE_STANDARD = gnu99;
				GCC_NO_COMMON_BLOCKS = YES;
				GCC_WARN_64_TO_32_BIT_CONVERSION = YES;
				GCC_WARN_ABOUT_RETURN_TYPE = YES_ERROR;
				GCC_WARN_UNDECLARED_SELECTOR = YES;
				GCC_WARN_UNINITIALIZED_AUTOS = YES_AGGRESSIVE;
				GCC_WARN_UNUSED_FUNCTION = YES;
				GCC_WARN_UNUSED_VARIABLE = YES;
				IPHONEOS_DEPLOYMENT_TARGET = 9.3;
				MTL_ENABLE_DEBUG_INFO = NO;
				SDKROOT = iphoneos;
				VALIDATE_PRODUCT = YES;
			};
			name = Release;
		};
		ADC218181D1A002200F2010C /* Debug */ = {
			isa = XCBuildConfiguration;
			buildSettings = {
				ASSETCATALOG_COMPILER_APPICON_NAME = AppIcon;
				INFOPLIST_FILE = HoppyBunny/Info.plist;
				LD_RUNPATH_SEARCH_PATHS = "$(inherited) @executable_path/Frameworks";
				PRODUCT_BUNDLE_IDENTIFIER = com.makeschool.HoppyBunny;
				PRODUCT_NAME = "$(TARGET_NAME)";
			};
			name = Debug;
		};
		ADC218191D1A002200F2010C /* Release */ = {
			isa = XCBuildConfiguration;
			buildSettings = {
				ASSETCATALOG_COMPILER_APPICON_NAME = AppIcon;
				INFOPLIST_FILE = HoppyBunny/Info.plist;
				LD_RUNPATH_SEARCH_PATHS = "$(inherited) @executable_path/Frameworks";
				PRODUCT_BUNDLE_IDENTIFIER = com.makeschool.HoppyBunny;
				PRODUCT_NAME = "$(TARGET_NAME)";
			};
			name = Release;
		};
/* End XCBuildConfiguration section */

/* Begin XCConfigurationList section */
		ADC217FC1D1A002200F2010C /* Build configuration list for PBXProject "HoppyBunny" */ = {
			isa = XCConfigurationList;
			buildConfigurations = (
				ADC218151D1A002200F2010C /* Debug */,
				ADC218161D1A002200F2010C /* Release */,
			);
			defaultConfigurationIsVisible = 0;
			defaultConfigurationName = Release;
		};
		ADC218171D1A002200F2010C /* Build configuration list for PBXNativeTarget "HoppyBunny" */ = {
			isa = XCConfigurationList;
			buildConfigurations = (
				ADC218181D1A002200F2010C /* Debug */,
				ADC218191D1A002200F2010C /* Release */,
			);
			defaultConfigurationIsVisible = 0;
			defaultConfigurationName = Release;
		};
/* End XCConfigurationList section */
	};
	rootObject = ADC217F91D1A002200F2010C /* Project object */;
}
